
Microsoft Visual Studio Solution File, Format Version 12.00
# Visual Studio Version 17
VisualStudioVersion = 17.5.002.0
MinimumVisualStudioVersion = 10.0.40219.1
Project("{9A19103F-16F7-4668-BE54-9A1E7A4F7556}") = "CourseProject", "CourseProject\CourseProject.csproj", "{D56B3C71-A130-4575-8A16-40E39BE6907B}"
EndProject
Global
	GlobalSection(SolutionConfigurationPlatforms) = preSolution
		Debug|Any CPU = Debug|Any CPU
		Release|Any CPU = Release|Any CPU
	EndGlobalSection
	GlobalSection(ProjectConfigurationPlatforms) = postSolution
		{D56B3C71-A130-4575-8A16-40E39BE6907B}.Debug|Any CPU.ActiveCfg = Debug|Any CPU
		{D56B3C71-A130-4575-8A16-40E39BE6907B}.Debug|Any CPU.Build.0 = Debug|Any CPU
		{D56B3C71-A130-4575-8A16-40E39BE6907B}.Release|Any CPU.ActiveCfg = Release|Any CPU
		{D56B3C71-A130-4575-8A16-40E39BE6907B}.Release|Any CPU.Build.0 = Release|Any CPU
	EndGlobalSection
	GlobalSection(SolutionProperties) = preSolution
		HideSolutionNode = FALSE
	EndGlobalSection
	GlobalSection(ExtensibilityGlobals) = postSolution
		SolutionGuid = {0984C9F7-B3D5-415B-A2CA-202A63F478BA}
	EndGlobalSection
EndGlobal
